
Microsoft Visual Studio Solution File, Format Version 12.00
# Visual Studio Version 16
VisualStudioVersion = 16.0.30001.183
MinimumVisualStudioVersion = 10.0.40219.1
Project("{FAE04EC0-301F-11D3-BF4B-00C04F79EFBC}") = "FunctionalBlazor", "FunctionalBlazor\FunctionalBlazor.csproj", "{F4AD27C9-9407-4851-8082-13E6A0BDDBCF}"
EndProject
Global
	GlobalSection(SolutionConfigurationPlatforms) = preSolution
		Debug|Any CPU = Debug|Any CPU
		Release|Any CPU = Release|Any CPU
	EndGlobalSection
	GlobalSection(ProjectConfigurationPlatforms) = postSolution
		{F4AD27C9-9407-4851-8082-13E6A0BDDBCF}.Debug|Any CPU.ActiveCfg = Debug|Any CPU
		{F4AD27C9-9407-4851-8082-13E6A0BDDBCF}.Debug|Any CPU.Build.0 = Debug|Any CPU
		{F4AD27C9-9407-4851-8082-13E6A0BDDBCF}.Release|Any CPU.ActiveCfg = Release|Any CPU
		{F4AD27C9-9407-4851-8082-13E6A0BDDBCF}.Release|Any CPU.Build.0 = Release|Any CPU
	EndGlobalSection
	GlobalSection(SolutionProperties) = preSolution
		HideSolutionNode = FALSE
	EndGlobalSection
	GlobalSection(ExtensibilityGlobals) = postSolution
		SolutionGuid = {8E9201C9-5720-4CC7-966A-0F41E6A4B103}
	EndGlobalSection
EndGlobal
