
Microsoft Visual Studio Solution File, Format Version 12.00
# Visual Studio Version 16
VisualStudioVersion = 16.0.30001.183
MinimumVisualStudioVersion = 10.0.40219.1
Project("{6EC3EE1D-3C4E-46DD-8F32-0CC8E7565705}") = "FunctionalBlazor.Caching", "FunctionalBlazor.Caching\FunctionalBlazor.Caching.fsproj", "{F5DCC157-C819-4D48-A91D-A0743290CB6E}"
EndProject
Project("{6EC3EE1D-3C4E-46DD-8F32-0CC8E7565705}") = "FunctionalBlazor.Common", "FunctionalBlazor.Common\FunctionalBlazor.Common.fsproj", "{BF2939DF-EB31-4D6A-ABE7-26161AF55827}"
EndProject
Project("{6EC3EE1D-3C4E-46DD-8F32-0CC8E7565705}") = "FunctionalBlazor.Test", "FunctionalBlazor.Test\FunctionalBlazor.Test.fsproj", "{002D6BC5-3687-4844-9625-B53F8A087019}"
EndProject
Project("{6EC3EE1D-3C4E-46DD-8F32-0CC8E7565705}") = "FunctionalBlazor.Program", "FunctionalBlazor.Program\FunctionalBlazor.Program.fsproj", "{A97EC35D-697F-4F26-96E9-E5FAF9D9C71C}"
EndProject
Project("{6EC3EE1D-3C4E-46DD-8F32-0CC8E7565705}") = "FunctionalBlazor.Composition", "FunctionalBlazor.Composition\FunctionalBlazor.Composition.fsproj", "{EBDF07A4-03CB-488B-915C-CD56091A6C61}"
EndProject
Project("{9A19103F-16F7-4668-BE54-9A1E7A4F7556}") = "FunctionalBlazor.Web", "FunctionalBlazor.Web\FunctionalBlazor.Web.csproj", "{60265747-355F-47AD-8406-819986163734}"
EndProject
Project("{FAE04EC0-301F-11D3-BF4B-00C04F79EFBC}") = "FunctionalAndroid", "FunctionalAndroid\FunctionalAndroid.csproj", "{F1A552A5-7F04-48BA-8646-98EE8A1C7D02}"
EndProject
Project("{9A19103F-16F7-4668-BE54-9A1E7A4F7556}") = "FunctionalXamarin", "FunctionalXamarin\FunctionalXamarin.csproj", "{5996A8EB-F282-4C42-8979-B2CB9ECC762A}"
EndProject
Project("{FAE04EC0-301F-11D3-BF4B-00C04F79EFBC}") = "FunctionaliOS", "FunctionaliOS\FunctionaliOS.csproj", "{6F16435F-9EFC-479C-BB10-326CC83036EA}"
EndProject
Global
	GlobalSection(SolutionConfigurationPlatforms) = preSolution
		Debug|Any CPU = Debug|Any CPU
		Debug|iPhone = Debug|iPhone
		Debug|iPhoneSimulator = Debug|iPhoneSimulator
		Release|Any CPU = Release|Any CPU
		Release|iPhone = Release|iPhone
		Release|iPhoneSimulator = Release|iPhoneSimulator
	EndGlobalSection
	GlobalSection(ProjectConfigurationPlatforms) = postSolution
		{F5DCC157-C819-4D48-A91D-A0743290CB6E}.Debug|Any CPU.ActiveCfg = Debug|Any CPU
		{F5DCC157-C819-4D48-A91D-A0743290CB6E}.Debug|Any CPU.Build.0 = Debug|Any CPU
		{F5DCC157-C819-4D48-A91D-A0743290CB6E}.Debug|iPhone.ActiveCfg = Debug|Any CPU
		{F5DCC157-C819-4D48-A91D-A0743290CB6E}.Debug|iPhone.Build.0 = Debug|Any CPU
		{F5DCC157-C819-4D48-A91D-A0743290CB6E}.Debug|iPhoneSimulator.ActiveCfg = Debug|Any CPU
		{F5DCC157-C819-4D48-A91D-A0743290CB6E}.Debug|iPhoneSimulator.Build.0 = Debug|Any CPU
		{F5DCC157-C819-4D48-A91D-A0743290CB6E}.Release|Any CPU.ActiveCfg = Release|Any CPU
		{F5DCC157-C819-4D48-A91D-A0743290CB6E}.Release|Any CPU.Build.0 = Release|Any CPU
		{F5DCC157-C819-4D48-A91D-A0743290CB6E}.Release|iPhone.ActiveCfg = Release|Any CPU
		{F5DCC157-C819-4D48-A91D-A0743290CB6E}.Release|iPhone.Build.0 = Release|Any CPU
		{F5DCC157-C819-4D48-A91D-A0743290CB6E}.Release|iPhoneSimulator.ActiveCfg = Release|Any CPU
		{F5DCC157-C819-4D48-A91D-A0743290CB6E}.Release|iPhoneSimulator.Build.0 = Release|Any CPU
		{BF2939DF-EB31-4D6A-ABE7-26161AF55827}.Debug|Any CPU.ActiveCfg = Debug|Any CPU
		{BF2939DF-EB31-4D6A-ABE7-26161AF55827}.Debug|Any CPU.Build.0 = Debug|Any CPU
		{BF2939DF-EB31-4D6A-ABE7-26161AF55827}.Debug|iPhone.ActiveCfg = Debug|Any CPU
		{BF2939DF-EB31-4D6A-ABE7-26161AF55827}.Debug|iPhone.Build.0 = Debug|Any CPU
		{BF2939DF-EB31-4D6A-ABE7-26161AF55827}.Debug|iPhoneSimulator.ActiveCfg = Debug|Any CPU
		{BF2939DF-EB31-4D6A-ABE7-26161AF55827}.Debug|iPhoneSimulator.Build.0 = Debug|Any CPU
		{BF2939DF-EB31-4D6A-ABE7-26161AF55827}.Release|Any CPU.ActiveCfg = Release|Any CPU
		{BF2939DF-EB31-4D6A-ABE7-26161AF55827}.Release|Any CPU.Build.0 = Release|Any CPU
		{BF2939DF-EB31-4D6A-ABE7-26161AF55827}.Release|iPhone.ActiveCfg = Release|Any CPU
		{BF2939DF-EB31-4D6A-ABE7-26161AF55827}.Release|iPhone.Build.0 = Release|Any CPU
		{BF2939DF-EB31-4D6A-ABE7-26161AF55827}.Release|iPhoneSimulator.ActiveCfg = Release|Any CPU
		{BF2939DF-EB31-4D6A-ABE7-26161AF55827}.Release|iPhoneSimulator.Build.0 = Release|Any CPU
		{002D6BC5-3687-4844-9625-B53F8A087019}.Debug|Any CPU.ActiveCfg = Debug|Any CPU
		{002D6BC5-3687-4844-9625-B53F8A087019}.Debug|Any CPU.Build.0 = Debug|Any CPU
		{002D6BC5-3687-4844-9625-B53F8A087019}.Debug|iPhone.ActiveCfg = Debug|Any CPU
		{002D6BC5-3687-4844-9625-B53F8A087019}.Debug|iPhone.Build.0 = Debug|Any CPU
		{002D6BC5-3687-4844-9625-B53F8A087019}.Debug|iPhoneSimulator.ActiveCfg = Debug|Any CPU
		{002D6BC5-3687-4844-9625-B53F8A087019}.Debug|iPhoneSimulator.Build.0 = Debug|Any CPU
		{002D6BC5-3687-4844-9625-B53F8A087019}.Release|Any CPU.ActiveCfg = Release|Any CPU
		{002D6BC5-3687-4844-9625-B53F8A087019}.Release|Any CPU.Build.0 = Release|Any CPU
		{002D6BC5-3687-4844-9625-B53F8A087019}.Release|iPhone.ActiveCfg = Release|Any CPU
		{002D6BC5-3687-4844-9625-B53F8A087019}.Release|iPhone.Build.0 = Release|Any CPU
		{002D6BC5-3687-4844-9625-B53F8A087019}.Release|iPhoneSimulator.ActiveCfg = Release|Any CPU
		{002D6BC5-3687-4844-9625-B53F8A087019}.Release|iPhoneSimulator.Build.0 = Release|Any CPU
		{A97EC35D-697F-4F26-96E9-E5FAF9D9C71C}.Debug|Any CPU.ActiveCfg = Debug|Any CPU
		{A97EC35D-697F-4F26-96E9-E5FAF9D9C71C}.Debug|Any CPU.Build.0 = Debug|Any CPU
		{A97EC35D-697F-4F26-96E9-E5FAF9D9C71C}.Debug|iPhone.ActiveCfg = Debug|Any CPU
		{A97EC35D-697F-4F26-96E9-E5FAF9D9C71C}.Debug|iPhone.Build.0 = Debug|Any CPU
		{A97EC35D-697F-4F26-96E9-E5FAF9D9C71C}.Debug|iPhoneSimulator.ActiveCfg = Debug|Any CPU
		{A97EC35D-697F-4F26-96E9-E5FAF9D9C71C}.Debug|iPhoneSimulator.Build.0 = Debug|Any CPU
		{A97EC35D-697F-4F26-96E9-E5FAF9D9C71C}.Release|Any CPU.ActiveCfg = Release|Any CPU
		{A97EC35D-697F-4F26-96E9-E5FAF9D9C71C}.Release|Any CPU.Build.0 = Release|Any CPU
		{A97EC35D-697F-4F26-96E9-E5FAF9D9C71C}.Release|iPhone.ActiveCfg = Release|Any CPU
		{A97EC35D-697F-4F26-96E9-E5FAF9D9C71C}.Release|iPhone.Build.0 = Release|Any CPU
		{A97EC35D-697F-4F26-96E9-E5FAF9D9C71C}.Release|iPhoneSimulator.ActiveCfg = Release|Any CPU
		{A97EC35D-697F-4F26-96E9-E5FAF9D9C71C}.Release|iPhoneSimulator.Build.0 = Release|Any CPU
		{EBDF07A4-03CB-488B-915C-CD56091A6C61}.Debug|Any CPU.ActiveCfg = Debug|Any CPU
		{EBDF07A4-03CB-488B-915C-CD56091A6C61}.Debug|Any CPU.Build.0 = Debug|Any CPU
		{EBDF07A4-03CB-488B-915C-CD56091A6C61}.Debug|iPhone.ActiveCfg = Debug|Any CPU
		{EBDF07A4-03CB-488B-915C-CD56091A6C61}.Debug|iPhone.Build.0 = Debug|Any CPU
		{EBDF07A4-03CB-488B-915C-CD56091A6C61}.Debug|iPhoneSimulator.ActiveCfg = Debug|Any CPU
		{EBDF07A4-03CB-488B-915C-CD56091A6C61}.Debug|iPhoneSimulator.Build.0 = Debug|Any CPU
		{EBDF07A4-03CB-488B-915C-CD56091A6C61}.Release|Any CPU.ActiveCfg = Release|Any CPU
		{EBDF07A4-03CB-488B-915C-CD56091A6C61}.Release|Any CPU.Build.0 = Release|Any CPU
		{EBDF07A4-03CB-488B-915C-CD56091A6C61}.Release|iPhone.ActiveCfg = Release|Any CPU
		{EBDF07A4-03CB-488B-915C-CD56091A6C61}.Release|iPhone.Build.0 = Release|Any CPU
		{EBDF07A4-03CB-488B-915C-CD56091A6C61}.Release|iPhoneSimulator.ActiveCfg = Release|Any CPU
		{EBDF07A4-03CB-488B-915C-CD56091A6C61}.Release|iPhoneSimulator.Build.0 = Release|Any CPU
		{60265747-355F-47AD-8406-819986163734}.Debug|Any CPU.ActiveCfg = Debug|Any CPU
		{60265747-355F-47AD-8406-819986163734}.Debug|Any CPU.Build.0 = Debug|Any CPU
		{60265747-355F-47AD-8406-819986163734}.Debug|iPhone.ActiveCfg = Debug|Any CPU
		{60265747-355F-47AD-8406-819986163734}.Debug|iPhone.Build.0 = Debug|Any CPU
		{60265747-355F-47AD-8406-819986163734}.Debug|iPhoneSimulator.ActiveCfg = Debug|Any CPU
		{60265747-355F-47AD-8406-819986163734}.Debug|iPhoneSimulator.Build.0 = Debug|Any CPU
		{60265747-355F-47AD-8406-819986163734}.Release|Any CPU.ActiveCfg = Release|Any CPU
		{60265747-355F-47AD-8406-819986163734}.Release|Any CPU.Build.0 = Release|Any CPU
		{60265747-355F-47AD-8406-819986163734}.Release|iPhone.ActiveCfg = Release|Any CPU
		{60265747-355F-47AD-8406-819986163734}.Release|iPhone.Build.0 = Release|Any CPU
		{60265747-355F-47AD-8406-819986163734}.Release|iPhoneSimulator.ActiveCfg = Release|Any CPU
		{60265747-355F-47AD-8406-819986163734}.Release|iPhoneSimulator.Build.0 = Release|Any CPU
		{F1A552A5-7F04-48BA-8646-98EE8A1C7D02}.Debug|Any CPU.ActiveCfg = Debug|Any CPU
		{F1A552A5-7F04-48BA-8646-98EE8A1C7D02}.Debug|Any CPU.Build.0 = Debug|Any CPU
		{F1A552A5-7F04-48BA-8646-98EE8A1C7D02}.Debug|Any CPU.Deploy.0 = Debug|Any CPU
		{F1A552A5-7F04-48BA-8646-98EE8A1C7D02}.Debug|iPhone.ActiveCfg = Debug|Any CPU
		{F1A552A5-7F04-48BA-8646-98EE8A1C7D02}.Debug|iPhone.Build.0 = Debug|Any CPU
		{F1A552A5-7F04-48BA-8646-98EE8A1C7D02}.Debug|iPhone.Deploy.0 = Debug|Any CPU
		{F1A552A5-7F04-48BA-8646-98EE8A1C7D02}.Debug|iPhoneSimulator.ActiveCfg = Debug|Any CPU
		{F1A552A5-7F04-48BA-8646-98EE8A1C7D02}.Debug|iPhoneSimulator.Build.0 = Debug|Any CPU
		{F1A552A5-7F04-48BA-8646-98EE8A1C7D02}.Debug|iPhoneSimulator.Deploy.0 = Debug|Any CPU
		{F1A552A5-7F04-48BA-8646-98EE8A1C7D02}.Release|Any CPU.ActiveCfg = Release|Any CPU
		{F1A552A5-7F04-48BA-8646-98EE8A1C7D02}.Release|Any CPU.Build.0 = Release|Any CPU
		{F1A552A5-7F04-48BA-8646-98EE8A1C7D02}.Release|Any CPU.Deploy.0 = Release|Any CPU
		{F1A552A5-7F04-48BA-8646-98EE8A1C7D02}.Release|iPhone.ActiveCfg = Release|Any CPU
		{F1A552A5-7F04-48BA-8646-98EE8A1C7D02}.Release|iPhone.Build.0 = Release|Any CPU
		{F1A552A5-7F04-48BA-8646-98EE8A1C7D02}.Release|iPhone.Deploy.0 = Release|Any CPU
		{F1A552A5-7F04-48BA-8646-98EE8A1C7D02}.Release|iPhoneSimulator.ActiveCfg = Release|Any CPU
		{F1A552A5-7F04-48BA-8646-98EE8A1C7D02}.Release|iPhoneSimulator.Build.0 = Release|Any CPU
		{F1A552A5-7F04-48BA-8646-98EE8A1C7D02}.Release|iPhoneSimulator.Deploy.0 = Release|Any CPU
		{5996A8EB-F282-4C42-8979-B2CB9ECC762A}.Debug|Any CPU.ActiveCfg = Debug|Any CPU
		{5996A8EB-F282-4C42-8979-B2CB9ECC762A}.Debug|Any CPU.Build.0 = Debug|Any CPU
		{5996A8EB-F282-4C42-8979-B2CB9ECC762A}.Debug|iPhone.ActiveCfg = Debug|Any CPU
		{5996A8EB-F282-4C42-8979-B2CB9ECC762A}.Debug|iPhone.Build.0 = Debug|Any CPU
		{5996A8EB-F282-4C42-8979-B2CB9ECC762A}.Debug|iPhoneSimulator.ActiveCfg = Debug|Any CPU
		{5996A8EB-F282-4C42-8979-B2CB9ECC762A}.Debug|iPhoneSimulator.Build.0 = Debug|Any CPU
		{5996A8EB-F282-4C42-8979-B2CB9ECC762A}.Release|Any CPU.ActiveCfg = Release|Any CPU
		{5996A8EB-F282-4C42-8979-B2CB9ECC762A}.Release|Any CPU.Build.0 = Release|Any CPU
		{5996A8EB-F282-4C42-8979-B2CB9ECC762A}.Release|iPhone.ActiveCfg = Release|Any CPU
		{5996A8EB-F282-4C42-8979-B2CB9ECC762A}.Release|iPhone.Build.0 = Release|Any CPU
		{5996A8EB-F282-4C42-8979-B2CB9ECC762A}.Release|iPhoneSimulator.ActiveCfg = Release|Any CPU
		{5996A8EB-F282-4C42-8979-B2CB9ECC762A}.Release|iPhoneSimulator.Build.0 = Release|Any CPU
		{6F16435F-9EFC-479C-BB10-326CC83036EA}.Debug|Any CPU.ActiveCfg = Debug|iPhone
		{6F16435F-9EFC-479C-BB10-326CC83036EA}.Debug|iPhone.ActiveCfg = Debug|iPhone
		{6F16435F-9EFC-479C-BB10-326CC83036EA}.Debug|iPhone.Build.0 = Debug|iPhone
		{6F16435F-9EFC-479C-BB10-326CC83036EA}.Debug|iPhoneSimulator.ActiveCfg = Debug|iPhoneSimulator
		{6F16435F-9EFC-479C-BB10-326CC83036EA}.Debug|iPhoneSimulator.Build.0 = Debug|iPhoneSimulator
		{6F16435F-9EFC-479C-BB10-326CC83036EA}.Release|Any CPU.ActiveCfg = Release|iPhone
		{6F16435F-9EFC-479C-BB10-326CC83036EA}.Release|iPhone.ActiveCfg = Release|iPhone
		{6F16435F-9EFC-479C-BB10-326CC83036EA}.Release|iPhone.Build.0 = Release|iPhone
		{6F16435F-9EFC-479C-BB10-326CC83036EA}.Release|iPhoneSimulator.ActiveCfg = Release|iPhoneSimulator
		{6F16435F-9EFC-479C-BB10-326CC83036EA}.Release|iPhoneSimulator.Build.0 = Release|iPhoneSimulator
	EndGlobalSection
	GlobalSection(SolutionProperties) = preSolution
		HideSolutionNode = FALSE
	EndGlobalSection
	GlobalSection(ExtensibilityGlobals) = postSolution
		SolutionGuid = {8E9201C9-5720-4CC7-966A-0F41E6A4B103}
	EndGlobalSection
EndGlobal
